using System;

namespace Rndm
{
    internal class Program
    {
        static void Main(string[] args)
        {
            Spiel game = new Spiel();
            game.Start();
        }
    }

    class Spiel
    {
        private int Geheimzahl;
        private Random random;

        public Spiel()
        {
            random = new Random();
            Geheimzahl = random.Next(1, 101);
        }
        
        public void Start()
        {
            Console.WriteLine("Willkommen beim Zahlenraten-Spiel!");
            Console.WriteLine("Ich habe eine Zufallszahl zwischen 1 und 100 generiert.");
            Console.WriteLine("Versuche, die Zahl zu erraten!");
            

            int Zahl = 0;
            while (true)
            {
                Console.Write("Dein Tipp: ");         
                if (int.TryParse(Console.ReadLine(), out int guess)) 
                {
                    Zahl++;

                    if (guess < Geheimzahl)
                    {
                        Console.WriteLine("Die Geheimzahl ist größer.");
                    }
                    else if (guess > Geheimzahl)
                    {
                        Console.WriteLine("Die Geheimzahl ist kleiner.");
                    }
                    else
                    {
                        Console.WriteLine($"Herzlichen Glückwunsch! Du hast die Geheimzahl in {Zahl} Versuchen erraten.");
                        Console.WriteLine($"Die Geheimzahl war: {Geheimzahl}");
                        break;
                    }
                }
                else
                {
                    Console.WriteLine("Ungültige Eingabe. Bitte gib eine ganze Zahl ein.");
                }
                if (guess > 100)
                {
                    Console.WriteLine("Sie müssen eine Zahl zwischen 1 und 100 eingeben");

                }
            }
        }
    }
}
    
